
Microsoft Visual Studio Solution File, Format Version 12.00
# Visual Studio 2013
VisualStudioVersion = 12.0.31101.0
MinimumVisualStudioVersion = 10.0.40219.1
Project("{FAE04EC0-301F-11D3-BF4B-00C04F79EFBC}") = "GtkApplication", "GtkApplication\GtkApplication.csproj", "{C0FFA4A5-8B59-4386-9C03-B36AEACAA6E2}"
EndProject
Project("{FAE04EC0-301F-11D3-BF4B-00C04F79EFBC}") = "HostController", "HostController\HostController.csproj", "{2368372A-EF3A-46B3-9516-B15530827F53}"
	ProjectSection(ProjectDependencies) = postProject
		{C0FFA4A5-8B59-4386-9C03-B36AEACAA6E2} = {C0FFA4A5-8B59-4386-9C03-B36AEACAA6E2}
	EndProjectSection
EndProject
Project("{FAE04EC0-301F-11D3-BF4B-00C04F79EFBC}") = "Interfaces", "Interfaces\Interfaces.csproj", "{3F066CD9-3523-4248-B37C-3378B44C426A}"
EndProject
Project("{FAE04EC0-301F-11D3-BF4B-00C04F79EFBC}") = "UIController", "UIController\UIController.csproj", "{1E7B884F-479A-4562-BB89-445786FEC998}"
EndProject
Project("{FAE04EC0-301F-11D3-BF4B-00C04F79EFBC}") = "InputController", "ButtonController\InputController.csproj", "{0E653FDA-F0DA-44CB-A932-4B37487EA731}"
EndProject
Project("{FAE04EC0-301F-11D3-BF4B-00C04F79EFBC}") = "SerialTransportProtocol", "SerialTransportProtocol\SerialTransportProtocol.csproj", "{B1069B60-BC03-4A71-B8D2-C33F0043D96C}"
EndProject
Project("{FAE04EC0-301F-11D3-BF4B-00C04F79EFBC}") = "ArduinoController", "ArduinoController\ArduinoController.csproj", "{A05B89C0-C585-4FB8-A5E2-C75980D1B734}"
EndProject
Project("{FAE04EC0-301F-11D3-BF4B-00C04F79EFBC}") = "GPSController", "GPSController\GPSController.csproj", "{D653B708-AAE0-4B81-A9BB-06B1C3BD1EDB}"
EndProject
Project("{FAE04EC0-301F-11D3-BF4B-00C04F79EFBC}") = "TcpServer", "TcpServer\TcpServer.csproj", "{5A40ADDF-71E7-45D4-8AC6-3D03F2DAD131}"
EndProject
Project("{FAE04EC0-301F-11D3-BF4B-00C04F79EFBC}") = "GPSD.Net", "GPSD.Net\GPSD.Net.csproj", "{975B7B95-004B-42DB-BE03-0AA8FCF06730}"
EndProject
Project("{FAE04EC0-301F-11D3-BF4B-00C04F79EFBC}") = "Json", "Json\Json.csproj", "{2F22767D-1B1A-4293-BBE5-11C9D04AEE83}"
EndProject
Project("{FAE04EC0-301F-11D3-BF4B-00C04F79EFBC}") = "AutomationController", "AutomationController\AutomationController.csproj", "{85445923-F9CA-4054-B2AD-43B14791D82C}"
EndProject
Project("{FAE04EC0-301F-11D3-BF4B-00C04F79EFBC}") = "NavitConfigGenerator", "NavitConfigGenerator\NavitConfigGenerator.csproj", "{34252C77-00D2-4E38-B432-274B6D6A0032}"
EndProject
Project("{FAE04EC0-301F-11D3-BF4B-00C04F79EFBC}") = "UIModels", "UIModels\UIModels.csproj", "{8DDD45EF-F719-48BD-93C0-27EB6C44DF3F}"
EndProject
Project("{FAE04EC0-301F-11D3-BF4B-00C04F79EFBC}") = "LogLib", "LogLib\LogLib.csproj", "{AEDAD09E-C7EE-464C-9FA8-E3AEA59A5A12}"
EndProject
Project("{2150E333-8FDC-42A3-9474-1A3956D46DE8}") = "Libs", "Libs", "{74505182-02D1-42B6-9FCD-0B935F35E348}"
EndProject
Project("{2150E333-8FDC-42A3-9474-1A3956D46DE8}") = "Controllers", "Controllers", "{08194974-F3C8-4166-97C8-6B5DF021468C}"
EndProject
Project("{FAE04EC0-301F-11D3-BF4B-00C04F79EFBC}") = "TravelsClient", "TravelsClient\TravelsClient.csproj", "{FBDB1458-CA4B-45D9-9E7E-7B9484959859}"
EndProject
Project("{FAE04EC0-301F-11D3-BF4B-00C04F79EFBC}") = "HttpClient", "HttpClient\HttpClient.csproj", "{73F2BD9F-8E72-4EA5-8EC8-8943C37C21C6}"
EndProject
Project("{FAE04EC0-301F-11D3-BF4B-00C04F79EFBC}") = "TravelController", "TravelController\TravelController.csproj", "{CF96102A-0C8D-4FCD-BCC0-4B240C8130C3}"
EndProject
Project("{FAE04EC0-301F-11D3-BF4B-00C04F79EFBC}") = "ProcessRunner", "ProcessRunner\ProcessRunner.csproj", "{34176EC8-AB7F-4E25-9F04-B6C07EB71CFB}"
EndProject
Project("{FAE04EC0-301F-11D3-BF4B-00C04F79EFBC}") = "YandexServicesProvider", "YandexServicesProvider\YandexServicesProvider.csproj", "{A8956707-42DD-4BF5-B4B2-955598A60B97}"
EndProject
Global
	GlobalSection(SolutionConfigurationPlatforms) = preSolution
		Debug|Any CPU = Debug|Any CPU
		Debug|Mixed Platforms = Debug|Mixed Platforms
		Debug|x86 = Debug|x86
		Release|Any CPU = Release|Any CPU
		Release|Mixed Platforms = Release|Mixed Platforms
		Release|x86 = Release|x86
	EndGlobalSection
	GlobalSection(ProjectConfigurationPlatforms) = postSolution
		{C0FFA4A5-8B59-4386-9C03-B36AEACAA6E2}.Debug|Any CPU.ActiveCfg = Debug|x86
		{C0FFA4A5-8B59-4386-9C03-B36AEACAA6E2}.Debug|Mixed Platforms.ActiveCfg = Debug|x86
		{C0FFA4A5-8B59-4386-9C03-B36AEACAA6E2}.Debug|Mixed Platforms.Build.0 = Debug|x86
		{C0FFA4A5-8B59-4386-9C03-B36AEACAA6E2}.Debug|x86.ActiveCfg = Debug|x86
		{C0FFA4A5-8B59-4386-9C03-B36AEACAA6E2}.Debug|x86.Build.0 = Debug|x86
		{C0FFA4A5-8B59-4386-9C03-B36AEACAA6E2}.Release|Any CPU.ActiveCfg = Release|x86
		{C0FFA4A5-8B59-4386-9C03-B36AEACAA6E2}.Release|Mixed Platforms.ActiveCfg = Release|x86
		{C0FFA4A5-8B59-4386-9C03-B36AEACAA6E2}.Release|Mixed Platforms.Build.0 = Release|x86
		{C0FFA4A5-8B59-4386-9C03-B36AEACAA6E2}.Release|x86.ActiveCfg = Release|x86
		{C0FFA4A5-8B59-4386-9C03-B36AEACAA6E2}.Release|x86.Build.0 = Release|x86
		{2368372A-EF3A-46B3-9516-B15530827F53}.Debug|Any CPU.ActiveCfg = Debug|Any CPU
		{2368372A-EF3A-46B3-9516-B15530827F53}.Debug|Any CPU.Build.0 = Debug|Any CPU
		{2368372A-EF3A-46B3-9516-B15530827F53}.Debug|Mixed Platforms.ActiveCfg = Debug|Any CPU
		{2368372A-EF3A-46B3-9516-B15530827F53}.Debug|Mixed Platforms.Build.0 = Debug|Any CPU
		{2368372A-EF3A-46B3-9516-B15530827F53}.Debug|x86.ActiveCfg = Debug|Any CPU
		{2368372A-EF3A-46B3-9516-B15530827F53}.Debug|x86.Build.0 = Debug|Any CPU
		{2368372A-EF3A-46B3-9516-B15530827F53}.Release|Any CPU.ActiveCfg = Release|Any CPU
		{2368372A-EF3A-46B3-9516-B15530827F53}.Release|Any CPU.Build.0 = Release|Any CPU
		{2368372A-EF3A-46B3-9516-B15530827F53}.Release|Mixed Platforms.ActiveCfg = Release|Any CPU
		{2368372A-EF3A-46B3-9516-B15530827F53}.Release|Mixed Platforms.Build.0 = Release|Any CPU
		{2368372A-EF3A-46B3-9516-B15530827F53}.Release|x86.ActiveCfg = Release|Any CPU
		{2368372A-EF3A-46B3-9516-B15530827F53}.Release|x86.Build.0 = Release|Any CPU
		{3F066CD9-3523-4248-B37C-3378B44C426A}.Debug|Any CPU.ActiveCfg = Debug|Any CPU
		{3F066CD9-3523-4248-B37C-3378B44C426A}.Debug|Any CPU.Build.0 = Debug|Any CPU
		{3F066CD9-3523-4248-B37C-3378B44C426A}.Debug|Mixed Platforms.ActiveCfg = Debug|Any CPU
		{3F066CD9-3523-4248-B37C-3378B44C426A}.Debug|Mixed Platforms.Build.0 = Debug|Any CPU
		{3F066CD9-3523-4248-B37C-3378B44C426A}.Debug|x86.ActiveCfg = Debug|Any CPU
		{3F066CD9-3523-4248-B37C-3378B44C426A}.Release|Any CPU.ActiveCfg = Release|Any CPU
		{3F066CD9-3523-4248-B37C-3378B44C426A}.Release|Any CPU.Build.0 = Release|Any CPU
		{3F066CD9-3523-4248-B37C-3378B44C426A}.Release|Mixed Platforms.ActiveCfg = Release|Any CPU
		{3F066CD9-3523-4248-B37C-3378B44C426A}.Release|Mixed Platforms.Build.0 = Release|Any CPU
		{3F066CD9-3523-4248-B37C-3378B44C426A}.Release|x86.ActiveCfg = Release|Any CPU
		{1E7B884F-479A-4562-BB89-445786FEC998}.Debug|Any CPU.ActiveCfg = Debug|Any CPU
		{1E7B884F-479A-4562-BB89-445786FEC998}.Debug|Any CPU.Build.0 = Debug|Any CPU
		{1E7B884F-479A-4562-BB89-445786FEC998}.Debug|Mixed Platforms.ActiveCfg = Debug|Any CPU
		{1E7B884F-479A-4562-BB89-445786FEC998}.Debug|Mixed Platforms.Build.0 = Debug|Any CPU
		{1E7B884F-479A-4562-BB89-445786FEC998}.Debug|x86.ActiveCfg = Debug|Any CPU
		{1E7B884F-479A-4562-BB89-445786FEC998}.Debug|x86.Build.0 = Debug|Any CPU
		{1E7B884F-479A-4562-BB89-445786FEC998}.Release|Any CPU.ActiveCfg = Release|Any CPU
		{1E7B884F-479A-4562-BB89-445786FEC998}.Release|Any CPU.Build.0 = Release|Any CPU
		{1E7B884F-479A-4562-BB89-445786FEC998}.Release|Mixed Platforms.ActiveCfg = Release|Any CPU
		{1E7B884F-479A-4562-BB89-445786FEC998}.Release|Mixed Platforms.Build.0 = Release|Any CPU
		{1E7B884F-479A-4562-BB89-445786FEC998}.Release|x86.ActiveCfg = Release|Any CPU
		{1E7B884F-479A-4562-BB89-445786FEC998}.Release|x86.Build.0 = Release|Any CPU
		{0E653FDA-F0DA-44CB-A932-4B37487EA731}.Debug|Any CPU.ActiveCfg = Debug|Any CPU
		{0E653FDA-F0DA-44CB-A932-4B37487EA731}.Debug|Any CPU.Build.0 = Debug|Any CPU
		{0E653FDA-F0DA-44CB-A932-4B37487EA731}.Debug|Mixed Platforms.ActiveCfg = Debug|Any CPU
		{0E653FDA-F0DA-44CB-A932-4B37487EA731}.Debug|Mixed Platforms.Build.0 = Debug|Any CPU
		{0E653FDA-F0DA-44CB-A932-4B37487EA731}.Debug|x86.ActiveCfg = Debug|Any CPU
		{0E653FDA-F0DA-44CB-A932-4B37487EA731}.Debug|x86.Build.0 = Debug|Any CPU
		{0E653FDA-F0DA-44CB-A932-4B37487EA731}.Release|Any CPU.ActiveCfg = Release|Any CPU
		{0E653FDA-F0DA-44CB-A932-4B37487EA731}.Release|Any CPU.Build.0 = Release|Any CPU
		{0E653FDA-F0DA-44CB-A932-4B37487EA731}.Release|Mixed Platforms.ActiveCfg = Release|Any CPU
		{0E653FDA-F0DA-44CB-A932-4B37487EA731}.Release|Mixed Platforms.Build.0 = Release|Any CPU
		{0E653FDA-F0DA-44CB-A932-4B37487EA731}.Release|x86.ActiveCfg = Release|Any CPU
		{0E653FDA-F0DA-44CB-A932-4B37487EA731}.Release|x86.Build.0 = Release|Any CPU
		{B1069B60-BC03-4A71-B8D2-C33F0043D96C}.Debug|Any CPU.ActiveCfg = Debug|Any CPU
		{B1069B60-BC03-4A71-B8D2-C33F0043D96C}.Debug|Any CPU.Build.0 = Debug|Any CPU
		{B1069B60-BC03-4A71-B8D2-C33F0043D96C}.Debug|Mixed Platforms.ActiveCfg = Debug|Any CPU
		{B1069B60-BC03-4A71-B8D2-C33F0043D96C}.Debug|Mixed Platforms.Build.0 = Debug|Any CPU
		{B1069B60-BC03-4A71-B8D2-C33F0043D96C}.Debug|x86.ActiveCfg = Debug|Any CPU
		{B1069B60-BC03-4A71-B8D2-C33F0043D96C}.Debug|x86.Build.0 = Debug|Any CPU
		{B1069B60-BC03-4A71-B8D2-C33F0043D96C}.Release|Any CPU.ActiveCfg = Release|Any CPU
		{B1069B60-BC03-4A71-B8D2-C33F0043D96C}.Release|Any CPU.Build.0 = Release|Any CPU
		{B1069B60-BC03-4A71-B8D2-C33F0043D96C}.Release|Mixed Platforms.ActiveCfg = Release|Any CPU
		{B1069B60-BC03-4A71-B8D2-C33F0043D96C}.Release|Mixed Platforms.Build.0 = Release|Any CPU
		{B1069B60-BC03-4A71-B8D2-C33F0043D96C}.Release|x86.ActiveCfg = Release|Any CPU
		{B1069B60-BC03-4A71-B8D2-C33F0043D96C}.Release|x86.Build.0 = Release|Any CPU
		{A05B89C0-C585-4FB8-A5E2-C75980D1B734}.Debug|Any CPU.ActiveCfg = Debug|Any CPU
		{A05B89C0-C585-4FB8-A5E2-C75980D1B734}.Debug|Any CPU.Build.0 = Debug|Any CPU
		{A05B89C0-C585-4FB8-A5E2-C75980D1B734}.Debug|Mixed Platforms.ActiveCfg = Debug|Any CPU
		{A05B89C0-C585-4FB8-A5E2-C75980D1B734}.Debug|Mixed Platforms.Build.0 = Debug|Any CPU
		{A05B89C0-C585-4FB8-A5E2-C75980D1B734}.Debug|x86.ActiveCfg = Debug|Any CPU
		{A05B89C0-C585-4FB8-A5E2-C75980D1B734}.Debug|x86.Build.0 = Debug|Any CPU
		{A05B89C0-C585-4FB8-A5E2-C75980D1B734}.Release|Any CPU.ActiveCfg = Release|Any CPU
		{A05B89C0-C585-4FB8-A5E2-C75980D1B734}.Release|Any CPU.Build.0 = Release|Any CPU
		{A05B89C0-C585-4FB8-A5E2-C75980D1B734}.Release|Mixed Platforms.ActiveCfg = Release|Any CPU
		{A05B89C0-C585-4FB8-A5E2-C75980D1B734}.Release|Mixed Platforms.Build.0 = Release|Any CPU
		{A05B89C0-C585-4FB8-A5E2-C75980D1B734}.Release|x86.ActiveCfg = Release|Any CPU
		{A05B89C0-C585-4FB8-A5E2-C75980D1B734}.Release|x86.Build.0 = Release|Any CPU
		{D653B708-AAE0-4B81-A9BB-06B1C3BD1EDB}.Debug|Any CPU.ActiveCfg = Debug|Any CPU
		{D653B708-AAE0-4B81-A9BB-06B1C3BD1EDB}.Debug|Any CPU.Build.0 = Debug|Any CPU
		{D653B708-AAE0-4B81-A9BB-06B1C3BD1EDB}.Debug|Mixed Platforms.ActiveCfg = Debug|Any CPU
		{D653B708-AAE0-4B81-A9BB-06B1C3BD1EDB}.Debug|Mixed Platforms.Build.0 = Debug|Any CPU
		{D653B708-AAE0-4B81-A9BB-06B1C3BD1EDB}.Debug|x86.ActiveCfg = Debug|Any CPU
		{D653B708-AAE0-4B81-A9BB-06B1C3BD1EDB}.Release|Any CPU.ActiveCfg = Release|Any CPU
		{D653B708-AAE0-4B81-A9BB-06B1C3BD1EDB}.Release|Any CPU.Build.0 = Release|Any CPU
		{D653B708-AAE0-4B81-A9BB-06B1C3BD1EDB}.Release|Mixed Platforms.ActiveCfg = Release|Any CPU
		{D653B708-AAE0-4B81-A9BB-06B1C3BD1EDB}.Release|Mixed Platforms.Build.0 = Release|Any CPU
		{D653B708-AAE0-4B81-A9BB-06B1C3BD1EDB}.Release|x86.ActiveCfg = Release|Any CPU
		{5A40ADDF-71E7-45D4-8AC6-3D03F2DAD131}.Debug|Any CPU.ActiveCfg = Debug|Any CPU
		{5A40ADDF-71E7-45D4-8AC6-3D03F2DAD131}.Debug|Any CPU.Build.0 = Debug|Any CPU
		{5A40ADDF-71E7-45D4-8AC6-3D03F2DAD131}.Debug|Mixed Platforms.ActiveCfg = Debug|Any CPU
		{5A40ADDF-71E7-45D4-8AC6-3D03F2DAD131}.Debug|Mixed Platforms.Build.0 = Debug|Any CPU
		{5A40ADDF-71E7-45D4-8AC6-3D03F2DAD131}.Debug|x86.ActiveCfg = Debug|Any CPU
		{5A40ADDF-71E7-45D4-8AC6-3D03F2DAD131}.Release|Any CPU.ActiveCfg = Release|Any CPU
		{5A40ADDF-71E7-45D4-8AC6-3D03F2DAD131}.Release|Any CPU.Build.0 = Release|Any CPU
		{5A40ADDF-71E7-45D4-8AC6-3D03F2DAD131}.Release|Mixed Platforms.ActiveCfg = Release|Any CPU
		{5A40ADDF-71E7-45D4-8AC6-3D03F2DAD131}.Release|Mixed Platforms.Build.0 = Release|Any CPU
		{5A40ADDF-71E7-45D4-8AC6-3D03F2DAD131}.Release|x86.ActiveCfg = Release|Any CPU
		{975B7B95-004B-42DB-BE03-0AA8FCF06730}.Debug|Any CPU.ActiveCfg = Debug|Any CPU
		{975B7B95-004B-42DB-BE03-0AA8FCF06730}.Debug|Any CPU.Build.0 = Debug|Any CPU
		{975B7B95-004B-42DB-BE03-0AA8FCF06730}.Debug|Mixed Platforms.ActiveCfg = Debug|Any CPU
		{975B7B95-004B-42DB-BE03-0AA8FCF06730}.Debug|Mixed Platforms.Build.0 = Debug|Any CPU
		{975B7B95-004B-42DB-BE03-0AA8FCF06730}.Debug|x86.ActiveCfg = Debug|Any CPU
		{975B7B95-004B-42DB-BE03-0AA8FCF06730}.Release|Any CPU.ActiveCfg = Release|Any CPU
		{975B7B95-004B-42DB-BE03-0AA8FCF06730}.Release|Any CPU.Build.0 = Release|Any CPU
		{975B7B95-004B-42DB-BE03-0AA8FCF06730}.Release|Mixed Platforms.ActiveCfg = Release|Any CPU
		{975B7B95-004B-42DB-BE03-0AA8FCF06730}.Release|Mixed Platforms.Build.0 = Release|Any CPU
		{975B7B95-004B-42DB-BE03-0AA8FCF06730}.Release|x86.ActiveCfg = Release|Any CPU
		{2F22767D-1B1A-4293-BBE5-11C9D04AEE83}.Debug|Any CPU.ActiveCfg = Debug|Any CPU
		{2F22767D-1B1A-4293-BBE5-11C9D04AEE83}.Debug|Any CPU.Build.0 = Debug|Any CPU
		{2F22767D-1B1A-4293-BBE5-11C9D04AEE83}.Debug|Mixed Platforms.ActiveCfg = Debug|Any CPU
		{2F22767D-1B1A-4293-BBE5-11C9D04AEE83}.Debug|Mixed Platforms.Build.0 = Debug|Any CPU
		{2F22767D-1B1A-4293-BBE5-11C9D04AEE83}.Debug|x86.ActiveCfg = Debug|Any CPU
		{2F22767D-1B1A-4293-BBE5-11C9D04AEE83}.Release|Any CPU.ActiveCfg = Release|Any CPU
		{2F22767D-1B1A-4293-BBE5-11C9D04AEE83}.Release|Any CPU.Build.0 = Release|Any CPU
		{2F22767D-1B1A-4293-BBE5-11C9D04AEE83}.Release|Mixed Platforms.ActiveCfg = Release|Any CPU
		{2F22767D-1B1A-4293-BBE5-11C9D04AEE83}.Release|Mixed Platforms.Build.0 = Release|Any CPU
		{2F22767D-1B1A-4293-BBE5-11C9D04AEE83}.Release|x86.ActiveCfg = Release|Any CPU
		{85445923-F9CA-4054-B2AD-43B14791D82C}.Debug|Any CPU.ActiveCfg = Debug|Any CPU
		{85445923-F9CA-4054-B2AD-43B14791D82C}.Debug|Any CPU.Build.0 = Debug|Any CPU
		{85445923-F9CA-4054-B2AD-43B14791D82C}.Debug|Mixed Platforms.ActiveCfg = Debug|Any CPU
		{85445923-F9CA-4054-B2AD-43B14791D82C}.Debug|Mixed Platforms.Build.0 = Debug|Any CPU
		{85445923-F9CA-4054-B2AD-43B14791D82C}.Debug|x86.ActiveCfg = Debug|Any CPU
		{85445923-F9CA-4054-B2AD-43B14791D82C}.Release|Any CPU.ActiveCfg = Release|Any CPU
		{85445923-F9CA-4054-B2AD-43B14791D82C}.Release|Any CPU.Build.0 = Release|Any CPU
		{85445923-F9CA-4054-B2AD-43B14791D82C}.Release|Mixed Platforms.ActiveCfg = Release|Any CPU
		{85445923-F9CA-4054-B2AD-43B14791D82C}.Release|Mixed Platforms.Build.0 = Release|Any CPU
		{85445923-F9CA-4054-B2AD-43B14791D82C}.Release|x86.ActiveCfg = Release|Any CPU
		{34252C77-00D2-4E38-B432-274B6D6A0032}.Debug|Any CPU.ActiveCfg = Debug|Any CPU
		{34252C77-00D2-4E38-B432-274B6D6A0032}.Debug|Any CPU.Build.0 = Debug|Any CPU
		{34252C77-00D2-4E38-B432-274B6D6A0032}.Debug|Mixed Platforms.ActiveCfg = Debug|Any CPU
		{34252C77-00D2-4E38-B432-274B6D6A0032}.Debug|Mixed Platforms.Build.0 = Debug|Any CPU
		{34252C77-00D2-4E38-B432-274B6D6A0032}.Debug|x86.ActiveCfg = Debug|Any CPU
		{34252C77-00D2-4E38-B432-274B6D6A0032}.Release|Any CPU.ActiveCfg = Release|Any CPU
		{34252C77-00D2-4E38-B432-274B6D6A0032}.Release|Any CPU.Build.0 = Release|Any CPU
		{34252C77-00D2-4E38-B432-274B6D6A0032}.Release|Mixed Platforms.ActiveCfg = Release|Any CPU
		{34252C77-00D2-4E38-B432-274B6D6A0032}.Release|Mixed Platforms.Build.0 = Release|Any CPU
		{34252C77-00D2-4E38-B432-274B6D6A0032}.Release|x86.ActiveCfg = Release|Any CPU
		{8DDD45EF-F719-48BD-93C0-27EB6C44DF3F}.Debug|Any CPU.ActiveCfg = Debug|Any CPU
		{8DDD45EF-F719-48BD-93C0-27EB6C44DF3F}.Debug|Any CPU.Build.0 = Debug|Any CPU
		{8DDD45EF-F719-48BD-93C0-27EB6C44DF3F}.Debug|Mixed Platforms.ActiveCfg = Debug|Any CPU
		{8DDD45EF-F719-48BD-93C0-27EB6C44DF3F}.Debug|Mixed Platforms.Build.0 = Debug|Any CPU
		{8DDD45EF-F719-48BD-93C0-27EB6C44DF3F}.Debug|x86.ActiveCfg = Debug|Any CPU
		{8DDD45EF-F719-48BD-93C0-27EB6C44DF3F}.Release|Any CPU.ActiveCfg = Release|Any CPU
		{8DDD45EF-F719-48BD-93C0-27EB6C44DF3F}.Release|Any CPU.Build.0 = Release|Any CPU
		{8DDD45EF-F719-48BD-93C0-27EB6C44DF3F}.Release|Mixed Platforms.ActiveCfg = Release|Any CPU
		{8DDD45EF-F719-48BD-93C0-27EB6C44DF3F}.Release|Mixed Platforms.Build.0 = Release|Any CPU
		{8DDD45EF-F719-48BD-93C0-27EB6C44DF3F}.Release|x86.ActiveCfg = Release|Any CPU
		{AEDAD09E-C7EE-464C-9FA8-E3AEA59A5A12}.Debug|Any CPU.ActiveCfg = Debug|Any CPU
		{AEDAD09E-C7EE-464C-9FA8-E3AEA59A5A12}.Debug|Any CPU.Build.0 = Debug|Any CPU
		{AEDAD09E-C7EE-464C-9FA8-E3AEA59A5A12}.Debug|Mixed Platforms.ActiveCfg = Debug|Any CPU
		{AEDAD09E-C7EE-464C-9FA8-E3AEA59A5A12}.Debug|Mixed Platforms.Build.0 = Debug|Any CPU
		{AEDAD09E-C7EE-464C-9FA8-E3AEA59A5A12}.Debug|x86.ActiveCfg = Debug|Any CPU
		{AEDAD09E-C7EE-464C-9FA8-E3AEA59A5A12}.Release|Any CPU.ActiveCfg = Release|Any CPU
		{AEDAD09E-C7EE-464C-9FA8-E3AEA59A5A12}.Release|Any CPU.Build.0 = Release|Any CPU
		{AEDAD09E-C7EE-464C-9FA8-E3AEA59A5A12}.Release|Mixed Platforms.ActiveCfg = Release|Any CPU
		{AEDAD09E-C7EE-464C-9FA8-E3AEA59A5A12}.Release|Mixed Platforms.Build.0 = Release|Any CPU
		{AEDAD09E-C7EE-464C-9FA8-E3AEA59A5A12}.Release|x86.ActiveCfg = Release|Any CPU
		{FBDB1458-CA4B-45D9-9E7E-7B9484959859}.Debug|Any CPU.ActiveCfg = Debug|Any CPU
		{FBDB1458-CA4B-45D9-9E7E-7B9484959859}.Debug|Any CPU.Build.0 = Debug|Any CPU
		{FBDB1458-CA4B-45D9-9E7E-7B9484959859}.Debug|Mixed Platforms.ActiveCfg = Debug|Any CPU
		{FBDB1458-CA4B-45D9-9E7E-7B9484959859}.Debug|Mixed Platforms.Build.0 = Debug|Any CPU
		{FBDB1458-CA4B-45D9-9E7E-7B9484959859}.Debug|x86.ActiveCfg = Debug|Any CPU
		{FBDB1458-CA4B-45D9-9E7E-7B9484959859}.Release|Any CPU.ActiveCfg = Release|Any CPU
		{FBDB1458-CA4B-45D9-9E7E-7B9484959859}.Release|Any CPU.Build.0 = Release|Any CPU
		{FBDB1458-CA4B-45D9-9E7E-7B9484959859}.Release|Mixed Platforms.ActiveCfg = Release|Any CPU
		{FBDB1458-CA4B-45D9-9E7E-7B9484959859}.Release|Mixed Platforms.Build.0 = Release|Any CPU
		{FBDB1458-CA4B-45D9-9E7E-7B9484959859}.Release|x86.ActiveCfg = Release|Any CPU
		{73F2BD9F-8E72-4EA5-8EC8-8943C37C21C6}.Debug|Any CPU.ActiveCfg = Debug|Any CPU
		{73F2BD9F-8E72-4EA5-8EC8-8943C37C21C6}.Debug|Any CPU.Build.0 = Debug|Any CPU
		{73F2BD9F-8E72-4EA5-8EC8-8943C37C21C6}.Debug|Mixed Platforms.ActiveCfg = Debug|Any CPU
		{73F2BD9F-8E72-4EA5-8EC8-8943C37C21C6}.Debug|Mixed Platforms.Build.0 = Debug|Any CPU
		{73F2BD9F-8E72-4EA5-8EC8-8943C37C21C6}.Debug|x86.ActiveCfg = Debug|Any CPU
		{73F2BD9F-8E72-4EA5-8EC8-8943C37C21C6}.Release|Any CPU.ActiveCfg = Release|Any CPU
		{73F2BD9F-8E72-4EA5-8EC8-8943C37C21C6}.Release|Any CPU.Build.0 = Release|Any CPU
		{73F2BD9F-8E72-4EA5-8EC8-8943C37C21C6}.Release|Mixed Platforms.ActiveCfg = Release|Any CPU
		{73F2BD9F-8E72-4EA5-8EC8-8943C37C21C6}.Release|Mixed Platforms.Build.0 = Release|Any CPU
		{73F2BD9F-8E72-4EA5-8EC8-8943C37C21C6}.Release|x86.ActiveCfg = Release|Any CPU
		{CF96102A-0C8D-4FCD-BCC0-4B240C8130C3}.Debug|Any CPU.ActiveCfg = Debug|Any CPU
		{CF96102A-0C8D-4FCD-BCC0-4B240C8130C3}.Debug|Any CPU.Build.0 = Debug|Any CPU
		{CF96102A-0C8D-4FCD-BCC0-4B240C8130C3}.Debug|Mixed Platforms.ActiveCfg = Debug|Any CPU
		{CF96102A-0C8D-4FCD-BCC0-4B240C8130C3}.Debug|Mixed Platforms.Build.0 = Debug|Any CPU
		{CF96102A-0C8D-4FCD-BCC0-4B240C8130C3}.Debug|x86.ActiveCfg = Debug|Any CPU
		{CF96102A-0C8D-4FCD-BCC0-4B240C8130C3}.Release|Any CPU.ActiveCfg = Release|Any CPU
		{CF96102A-0C8D-4FCD-BCC0-4B240C8130C3}.Release|Any CPU.Build.0 = Release|Any CPU
		{CF96102A-0C8D-4FCD-BCC0-4B240C8130C3}.Release|Mixed Platforms.ActiveCfg = Release|Any CPU
		{CF96102A-0C8D-4FCD-BCC0-4B240C8130C3}.Release|Mixed Platforms.Build.0 = Release|Any CPU
		{CF96102A-0C8D-4FCD-BCC0-4B240C8130C3}.Release|x86.ActiveCfg = Release|Any CPU
		{34176EC8-AB7F-4E25-9F04-B6C07EB71CFB}.Debug|Any CPU.ActiveCfg = Debug|Any CPU
		{34176EC8-AB7F-4E25-9F04-B6C07EB71CFB}.Debug|Any CPU.Build.0 = Debug|Any CPU
		{34176EC8-AB7F-4E25-9F04-B6C07EB71CFB}.Debug|Mixed Platforms.ActiveCfg = Debug|Any CPU
		{34176EC8-AB7F-4E25-9F04-B6C07EB71CFB}.Debug|Mixed Platforms.Build.0 = Debug|Any CPU
		{34176EC8-AB7F-4E25-9F04-B6C07EB71CFB}.Debug|x86.ActiveCfg = Debug|Any CPU
		{34176EC8-AB7F-4E25-9F04-B6C07EB71CFB}.Release|Any CPU.ActiveCfg = Release|Any CPU
		{34176EC8-AB7F-4E25-9F04-B6C07EB71CFB}.Release|Any CPU.Build.0 = Release|Any CPU
		{34176EC8-AB7F-4E25-9F04-B6C07EB71CFB}.Release|Mixed Platforms.ActiveCfg = Release|Any CPU
		{34176EC8-AB7F-4E25-9F04-B6C07EB71CFB}.Release|Mixed Platforms.Build.0 = Release|Any CPU
		{34176EC8-AB7F-4E25-9F04-B6C07EB71CFB}.Release|x86.ActiveCfg = Release|Any CPU
		{A8956707-42DD-4BF5-B4B2-955598A60B97}.Debug|Any CPU.ActiveCfg = Debug|Any CPU
		{A8956707-42DD-4BF5-B4B2-955598A60B97}.Debug|Any CPU.Build.0 = Debug|Any CPU
		{A8956707-42DD-4BF5-B4B2-955598A60B97}.Debug|Mixed Platforms.ActiveCfg = Debug|Any CPU
		{A8956707-42DD-4BF5-B4B2-955598A60B97}.Debug|Mixed Platforms.Build.0 = Debug|Any CPU
		{A8956707-42DD-4BF5-B4B2-955598A60B97}.Debug|x86.ActiveCfg = Debug|Any CPU
		{A8956707-42DD-4BF5-B4B2-955598A60B97}.Release|Any CPU.ActiveCfg = Release|Any CPU
		{A8956707-42DD-4BF5-B4B2-955598A60B97}.Release|Any CPU.Build.0 = Release|Any CPU
		{A8956707-42DD-4BF5-B4B2-955598A60B97}.Release|Mixed Platforms.ActiveCfg = Release|Any CPU
		{A8956707-42DD-4BF5-B4B2-955598A60B97}.Release|Mixed Platforms.Build.0 = Release|Any CPU
		{A8956707-42DD-4BF5-B4B2-955598A60B97}.Release|x86.ActiveCfg = Release|Any CPU
	EndGlobalSection
	GlobalSection(SolutionProperties) = preSolution
		HideSolutionNode = FALSE
	EndGlobalSection
	GlobalSection(NestedProjects) = preSolution
		{1E7B884F-479A-4562-BB89-445786FEC998} = {08194974-F3C8-4166-97C8-6B5DF021468C}
		{0E653FDA-F0DA-44CB-A932-4B37487EA731} = {08194974-F3C8-4166-97C8-6B5DF021468C}
		{B1069B60-BC03-4A71-B8D2-C33F0043D96C} = {74505182-02D1-42B6-9FCD-0B935F35E348}
		{A05B89C0-C585-4FB8-A5E2-C75980D1B734} = {08194974-F3C8-4166-97C8-6B5DF021468C}
		{D653B708-AAE0-4B81-A9BB-06B1C3BD1EDB} = {08194974-F3C8-4166-97C8-6B5DF021468C}
		{5A40ADDF-71E7-45D4-8AC6-3D03F2DAD131} = {74505182-02D1-42B6-9FCD-0B935F35E348}
		{975B7B95-004B-42DB-BE03-0AA8FCF06730} = {74505182-02D1-42B6-9FCD-0B935F35E348}
		{2F22767D-1B1A-4293-BBE5-11C9D04AEE83} = {74505182-02D1-42B6-9FCD-0B935F35E348}
		{85445923-F9CA-4054-B2AD-43B14791D82C} = {08194974-F3C8-4166-97C8-6B5DF021468C}
		{34252C77-00D2-4E38-B432-274B6D6A0032} = {74505182-02D1-42B6-9FCD-0B935F35E348}
		{AEDAD09E-C7EE-464C-9FA8-E3AEA59A5A12} = {74505182-02D1-42B6-9FCD-0B935F35E348}
		{FBDB1458-CA4B-45D9-9E7E-7B9484959859} = {74505182-02D1-42B6-9FCD-0B935F35E348}
		{73F2BD9F-8E72-4EA5-8EC8-8943C37C21C6} = {74505182-02D1-42B6-9FCD-0B935F35E348}
		{CF96102A-0C8D-4FCD-BCC0-4B240C8130C3} = {08194974-F3C8-4166-97C8-6B5DF021468C}
		{34176EC8-AB7F-4E25-9F04-B6C07EB71CFB} = {74505182-02D1-42B6-9FCD-0B935F35E348}
		{A8956707-42DD-4BF5-B4B2-955598A60B97} = {74505182-02D1-42B6-9FCD-0B935F35E348}
	EndGlobalSection
	GlobalSection(MonoDevelopProperties) = preSolution
		StartupItem = HostController\HostController.csproj
	EndGlobalSection
EndGlobal
