
Microsoft Visual Studio Solution File, Format Version 12.00
# Visual Studio 2013
VisualStudioVersion = 12.0.31101.0
MinimumVisualStudioVersion = 10.0.40219.1
Project("{FAE04EC0-301F-11D3-BF4B-00C04F79EFBC}") = "GtkApplication", "GtkApplication\GtkApplication.csproj", "{C0FFA4A5-8B59-4386-9C03-B36AEACAA6E2}"
EndProject
Project("{FAE04EC0-301F-11D3-BF4B-00C04F79EFBC}") = "HostController", "HostController\HostController.csproj", "{2368372A-EF3A-46B3-9516-B15530827F53}"
	ProjectSection(ProjectDependencies) = postProject
		{C0FFA4A5-8B59-4386-9C03-B36AEACAA6E2} = {C0FFA4A5-8B59-4386-9C03-B36AEACAA6E2}
	EndProjectSection
EndProject
Project("{FAE04EC0-301F-11D3-BF4B-00C04F79EFBC}") = "Interfaces", "Interfaces\Interfaces.csproj", "{3F066CD9-3523-4248-B37C-3378B44C426A}"
EndProject
Project("{FAE04EC0-301F-11D3-BF4B-00C04F79EFBC}") = "UIController", "UIController\UIController.csproj", "{1E7B884F-479A-4562-BB89-445786FEC998}"
EndProject
Project("{FAE04EC0-301F-11D3-BF4B-00C04F79EFBC}") = "InputController", "ButtonController\InputController.csproj", "{0E653FDA-F0DA-44CB-A932-4B37487EA731}"
EndProject
Project("{FAE04EC0-301F-11D3-BF4B-00C04F79EFBC}") = "SerialTransportProtocol", "SerialTransportProtocol\SerialTransportProtocol.csproj", "{B1069B60-BC03-4A71-B8D2-C33F0043D96C}"
EndProject
Project("{FAE04EC0-301F-11D3-BF4B-00C04F79EFBC}") = "ArduinoController", "ArduinoController\ArduinoController.csproj", "{A05B89C0-C585-4FB8-A5E2-C75980D1B734}"
EndProject
Project("{FAE04EC0-301F-11D3-BF4B-00C04F79EFBC}") = "GPSController", "GPSController\GPSController.csproj", "{D653B708-AAE0-4B81-A9BB-06B1C3BD1EDB}"
EndProject
Project("{FAE04EC0-301F-11D3-BF4B-00C04F79EFBC}") = "TcpServer", "TcpServer\TcpServer.csproj", "{5A40ADDF-71E7-45D4-8AC6-3D03F2DAD131}"
EndProject
Project("{FAE04EC0-301F-11D3-BF4B-00C04F79EFBC}") = "GPSD.Net", "GPSD.Net\GPSD.Net.csproj", "{975B7B95-004B-42DB-BE03-0AA8FCF06730}"
EndProject
Project("{FAE04EC0-301F-11D3-BF4B-00C04F79EFBC}") = "Json", "Json\Json.csproj", "{2F22767D-1B1A-4293-BBE5-11C9D04AEE83}"
EndProject
Project("{FAE04EC0-301F-11D3-BF4B-00C04F79EFBC}") = "AutomationController", "AutomationController\AutomationController.csproj", "{85445923-F9CA-4054-B2AD-43B14791D82C}"
EndProject
Project("{FAE04EC0-301F-11D3-BF4B-00C04F79EFBC}") = "NavitConfigGenerator", "NavitConfigGenerator\NavitConfigGenerator.csproj", "{34252C77-00D2-4E38-B432-274B6D6A0032}"
EndProject
Global
	GlobalSection(SolutionConfigurationPlatforms) = preSolution
		Debug|Any CPU = Debug|Any CPU
		Debug|Mixed Platforms = Debug|Mixed Platforms
		Debug|x86 = Debug|x86
		Release|Any CPU = Release|Any CPU
		Release|Mixed Platforms = Release|Mixed Platforms
		Release|x86 = Release|x86
	EndGlobalSection
	GlobalSection(ProjectConfigurationPlatforms) = postSolution
		{C0FFA4A5-8B59-4386-9C03-B36AEACAA6E2}.Debug|Any CPU.ActiveCfg = Debug|x86
		{C0FFA4A5-8B59-4386-9C03-B36AEACAA6E2}.Debug|Mixed Platforms.ActiveCfg = Debug|x86
		{C0FFA4A5-8B59-4386-9C03-B36AEACAA6E2}.Debug|Mixed Platforms.Build.0 = Debug|x86
		{C0FFA4A5-8B59-4386-9C03-B36AEACAA6E2}.Debug|x86.ActiveCfg = Debug|x86
		{C0FFA4A5-8B59-4386-9C03-B36AEACAA6E2}.Debug|x86.Build.0 = Debug|x86
		{C0FFA4A5-8B59-4386-9C03-B36AEACAA6E2}.Release|Any CPU.ActiveCfg = Release|x86
		{C0FFA4A5-8B59-4386-9C03-B36AEACAA6E2}.Release|Mixed Platforms.ActiveCfg = Release|x86
		{C0FFA4A5-8B59-4386-9C03-B36AEACAA6E2}.Release|Mixed Platforms.Build.0 = Release|x86
		{C0FFA4A5-8B59-4386-9C03-B36AEACAA6E2}.Release|x86.ActiveCfg = Release|x86
		{C0FFA4A5-8B59-4386-9C03-B36AEACAA6E2}.Release|x86.Build.0 = Release|x86
		{2368372A-EF3A-46B3-9516-B15530827F53}.Debug|Any CPU.ActiveCfg = Debug|Any CPU
		{2368372A-EF3A-46B3-9516-B15530827F53}.Debug|Any CPU.Build.0 = Debug|Any CPU
		{2368372A-EF3A-46B3-9516-B15530827F53}.Debug|Mixed Platforms.ActiveCfg = Debug|Any CPU
		{2368372A-EF3A-46B3-9516-B15530827F53}.Debug|Mixed Platforms.Build.0 = Debug|Any CPU
		{2368372A-EF3A-46B3-9516-B15530827F53}.Debug|x86.ActiveCfg = Debug|Any CPU
		{2368372A-EF3A-46B3-9516-B15530827F53}.Debug|x86.Build.0 = Debug|Any CPU
		{2368372A-EF3A-46B3-9516-B15530827F53}.Release|Any CPU.ActiveCfg = Release|Any CPU
		{2368372A-EF3A-46B3-9516-B15530827F53}.Release|Any CPU.Build.0 = Release|Any CPU
		{2368372A-EF3A-46B3-9516-B15530827F53}.Release|Mixed Platforms.ActiveCfg = Release|Any CPU
		{2368372A-EF3A-46B3-9516-B15530827F53}.Release|Mixed Platforms.Build.0 = Release|Any CPU
		{2368372A-EF3A-46B3-9516-B15530827F53}.Release|x86.ActiveCfg = Release|Any CPU
		{2368372A-EF3A-46B3-9516-B15530827F53}.Release|x86.Build.0 = Release|Any CPU
		{3F066CD9-3523-4248-B37C-3378B44C426A}.Debug|Any CPU.ActiveCfg = Debug|Any CPU
		{3F066CD9-3523-4248-B37C-3378B44C426A}.Debug|Any CPU.Build.0 = Debug|Any CPU
		{3F066CD9-3523-4248-B37C-3378B44C426A}.Debug|Mixed Platforms.ActiveCfg = Debug|Any CPU
		{3F066CD9-3523-4248-B37C-3378B44C426A}.Debug|Mixed Platforms.Build.0 = Debug|Any CPU
		{3F066CD9-3523-4248-B37C-3378B44C426A}.Debug|x86.ActiveCfg = Debug|Any CPU
		{3F066CD9-3523-4248-B37C-3378B44C426A}.Release|Any CPU.ActiveCfg = Release|Any CPU
		{3F066CD9-3523-4248-B37C-3378B44C426A}.Release|Any CPU.Build.0 = Release|Any CPU
		{3F066CD9-3523-4248-B37C-3378B44C426A}.Release|Mixed Platforms.ActiveCfg = Release|Any CPU
		{3F066CD9-3523-4248-B37C-3378B44C426A}.Release|Mixed Platforms.Build.0 = Release|Any CPU
		{3F066CD9-3523-4248-B37C-3378B44C426A}.Release|x86.ActiveCfg = Release|Any CPU
		{1E7B884F-479A-4562-BB89-445786FEC998}.Debug|Any CPU.ActiveCfg = Debug|Any CPU
		{1E7B884F-479A-4562-BB89-445786FEC998}.Debug|Any CPU.Build.0 = Debug|Any CPU
		{1E7B884F-479A-4562-BB89-445786FEC998}.Debug|Mixed Platforms.ActiveCfg = Debug|Any CPU
		{1E7B884F-479A-4562-BB89-445786FEC998}.Debug|Mixed Platforms.Build.0 = Debug|Any CPU
		{1E7B884F-479A-4562-BB89-445786FEC998}.Debug|x86.ActiveCfg = Debug|Any CPU
		{1E7B884F-479A-4562-BB89-445786FEC998}.Debug|x86.Build.0 = Debug|Any CPU
		{1E7B884F-479A-4562-BB89-445786FEC998}.Release|Any CPU.ActiveCfg = Release|Any CPU
		{1E7B884F-479A-4562-BB89-445786FEC998}.Release|Any CPU.Build.0 = Release|Any CPU
		{1E7B884F-479A-4562-BB89-445786FEC998}.Release|Mixed Platforms.ActiveCfg = Release|Any CPU
		{1E7B884F-479A-4562-BB89-445786FEC998}.Release|Mixed Platforms.Build.0 = Release|Any CPU
		{1E7B884F-479A-4562-BB89-445786FEC998}.Release|x86.ActiveCfg = Release|Any CPU
		{1E7B884F-479A-4562-BB89-445786FEC998}.Release|x86.Build.0 = Release|Any CPU
		{0E653FDA-F0DA-44CB-A932-4B37487EA731}.Debug|Any CPU.ActiveCfg = Debug|Any CPU
		{0E653FDA-F0DA-44CB-A932-4B37487EA731}.Debug|Any CPU.Build.0 = Debug|Any CPU
		{0E653FDA-F0DA-44CB-A932-4B37487EA731}.Debug|Mixed Platforms.ActiveCfg = Debug|Any CPU
		{0E653FDA-F0DA-44CB-A932-4B37487EA731}.Debug|Mixed Platforms.Build.0 = Debug|Any CPU
		{0E653FDA-F0DA-44CB-A932-4B37487EA731}.Debug|x86.ActiveCfg = Debug|Any CPU
		{0E653FDA-F0DA-44CB-A932-4B37487EA731}.Debug|x86.Build.0 = Debug|Any CPU
		{0E653FDA-F0DA-44CB-A932-4B37487EA731}.Release|Any CPU.ActiveCfg = Release|Any CPU
		{0E653FDA-F0DA-44CB-A932-4B37487EA731}.Release|Any CPU.Build.0 = Release|Any CPU
		{0E653FDA-F0DA-44CB-A932-4B37487EA731}.Release|Mixed Platforms.ActiveCfg = Release|Any CPU
		{0E653FDA-F0DA-44CB-A932-4B37487EA731}.Release|Mixed Platforms.Build.0 = Release|Any CPU
		{0E653FDA-F0DA-44CB-A932-4B37487EA731}.Release|x86.ActiveCfg = Release|Any CPU
		{0E653FDA-F0DA-44CB-A932-4B37487EA731}.Release|x86.Build.0 = Release|Any CPU
		{B1069B60-BC03-4A71-B8D2-C33F0043D96C}.Debug|Any CPU.ActiveCfg = Debug|Any CPU
		{B1069B60-BC03-4A71-B8D2-C33F0043D96C}.Debug|Any CPU.Build.0 = Debug|Any CPU
		{B1069B60-BC03-4A71-B8D2-C33F0043D96C}.Debug|Mixed Platforms.ActiveCfg = Debug|Any CPU
		{B1069B60-BC03-4A71-B8D2-C33F0043D96C}.Debug|Mixed Platforms.Build.0 = Debug|Any CPU
		{B1069B60-BC03-4A71-B8D2-C33F0043D96C}.Debug|x86.ActiveCfg = Debug|Any CPU
		{B1069B60-BC03-4A71-B8D2-C33F0043D96C}.Debug|x86.Build.0 = Debug|Any CPU
		{B1069B60-BC03-4A71-B8D2-C33F0043D96C}.Release|Any CPU.ActiveCfg = Release|Any CPU
		{B1069B60-BC03-4A71-B8D2-C33F0043D96C}.Release|Any CPU.Build.0 = Release|Any CPU
		{B1069B60-BC03-4A71-B8D2-C33F0043D96C}.Release|Mixed Platforms.ActiveCfg = Release|Any CPU
		{B1069B60-BC03-4A71-B8D2-C33F0043D96C}.Release|Mixed Platforms.Build.0 = Release|Any CPU
		{B1069B60-BC03-4A71-B8D2-C33F0043D96C}.Release|x86.ActiveCfg = Release|Any CPU
		{B1069B60-BC03-4A71-B8D2-C33F0043D96C}.Release|x86.Build.0 = Release|Any CPU
		{A05B89C0-C585-4FB8-A5E2-C75980D1B734}.Debug|Any CPU.ActiveCfg = Debug|Any CPU
		{A05B89C0-C585-4FB8-A5E2-C75980D1B734}.Debug|Any CPU.Build.0 = Debug|Any CPU
		{A05B89C0-C585-4FB8-A5E2-C75980D1B734}.Debug|Mixed Platforms.ActiveCfg = Debug|Any CPU
		{A05B89C0-C585-4FB8-A5E2-C75980D1B734}.Debug|Mixed Platforms.Build.0 = Debug|Any CPU
		{A05B89C0-C585-4FB8-A5E2-C75980D1B734}.Debug|x86.ActiveCfg = Debug|Any CPU
		{A05B89C0-C585-4FB8-A5E2-C75980D1B734}.Debug|x86.Build.0 = Debug|Any CPU
		{A05B89C0-C585-4FB8-A5E2-C75980D1B734}.Release|Any CPU.ActiveCfg = Release|Any CPU
		{A05B89C0-C585-4FB8-A5E2-C75980D1B734}.Release|Any CPU.Build.0 = Release|Any CPU
		{A05B89C0-C585-4FB8-A5E2-C75980D1B734}.Release|Mixed Platforms.ActiveCfg = Release|Any CPU
		{A05B89C0-C585-4FB8-A5E2-C75980D1B734}.Release|Mixed Platforms.Build.0 = Release|Any CPU
		{A05B89C0-C585-4FB8-A5E2-C75980D1B734}.Release|x86.ActiveCfg = Release|Any CPU
		{A05B89C0-C585-4FB8-A5E2-C75980D1B734}.Release|x86.Build.0 = Release|Any CPU
		{D653B708-AAE0-4B81-A9BB-06B1C3BD1EDB}.Debug|Any CPU.ActiveCfg = Debug|Any CPU
		{D653B708-AAE0-4B81-A9BB-06B1C3BD1EDB}.Debug|Any CPU.Build.0 = Debug|Any CPU
		{D653B708-AAE0-4B81-A9BB-06B1C3BD1EDB}.Debug|Mixed Platforms.ActiveCfg = Debug|Any CPU
		{D653B708-AAE0-4B81-A9BB-06B1C3BD1EDB}.Debug|Mixed Platforms.Build.0 = Debug|Any CPU
		{D653B708-AAE0-4B81-A9BB-06B1C3BD1EDB}.Debug|x86.ActiveCfg = Debug|Any CPU
		{D653B708-AAE0-4B81-A9BB-06B1C3BD1EDB}.Release|Any CPU.ActiveCfg = Release|Any CPU
		{D653B708-AAE0-4B81-A9BB-06B1C3BD1EDB}.Release|Any CPU.Build.0 = Release|Any CPU
		{D653B708-AAE0-4B81-A9BB-06B1C3BD1EDB}.Release|Mixed Platforms.ActiveCfg = Release|Any CPU
		{D653B708-AAE0-4B81-A9BB-06B1C3BD1EDB}.Release|Mixed Platforms.Build.0 = Release|Any CPU
		{D653B708-AAE0-4B81-A9BB-06B1C3BD1EDB}.Release|x86.ActiveCfg = Release|Any CPU
		{5A40ADDF-71E7-45D4-8AC6-3D03F2DAD131}.Debug|Any CPU.ActiveCfg = Debug|Any CPU
		{5A40ADDF-71E7-45D4-8AC6-3D03F2DAD131}.Debug|Any CPU.Build.0 = Debug|Any CPU
		{5A40ADDF-71E7-45D4-8AC6-3D03F2DAD131}.Debug|Mixed Platforms.ActiveCfg = Debug|Any CPU
		{5A40ADDF-71E7-45D4-8AC6-3D03F2DAD131}.Debug|Mixed Platforms.Build.0 = Debug|Any CPU
		{5A40ADDF-71E7-45D4-8AC6-3D03F2DAD131}.Debug|x86.ActiveCfg = Debug|Any CPU
		{5A40ADDF-71E7-45D4-8AC6-3D03F2DAD131}.Release|Any CPU.ActiveCfg = Release|Any CPU
		{5A40ADDF-71E7-45D4-8AC6-3D03F2DAD131}.Release|Any CPU.Build.0 = Release|Any CPU
		{5A40ADDF-71E7-45D4-8AC6-3D03F2DAD131}.Release|Mixed Platforms.ActiveCfg = Release|Any CPU
		{5A40ADDF-71E7-45D4-8AC6-3D03F2DAD131}.Release|Mixed Platforms.Build.0 = Release|Any CPU
		{5A40ADDF-71E7-45D4-8AC6-3D03F2DAD131}.Release|x86.ActiveCfg = Release|Any CPU
		{975B7B95-004B-42DB-BE03-0AA8FCF06730}.Debug|Any CPU.ActiveCfg = Debug|Any CPU
		{975B7B95-004B-42DB-BE03-0AA8FCF06730}.Debug|Any CPU.Build.0 = Debug|Any CPU
		{975B7B95-004B-42DB-BE03-0AA8FCF06730}.Debug|Mixed Platforms.ActiveCfg = Debug|Any CPU
		{975B7B95-004B-42DB-BE03-0AA8FCF06730}.Debug|Mixed Platforms.Build.0 = Debug|Any CPU
		{975B7B95-004B-42DB-BE03-0AA8FCF06730}.Debug|x86.ActiveCfg = Debug|Any CPU
		{975B7B95-004B-42DB-BE03-0AA8FCF06730}.Release|Any CPU.ActiveCfg = Release|Any CPU
		{975B7B95-004B-42DB-BE03-0AA8FCF06730}.Release|Any CPU.Build.0 = Release|Any CPU
		{975B7B95-004B-42DB-BE03-0AA8FCF06730}.Release|Mixed Platforms.ActiveCfg = Release|Any CPU
		{975B7B95-004B-42DB-BE03-0AA8FCF06730}.Release|Mixed Platforms.Build.0 = Release|Any CPU
		{975B7B95-004B-42DB-BE03-0AA8FCF06730}.Release|x86.ActiveCfg = Release|Any CPU
		{2F22767D-1B1A-4293-BBE5-11C9D04AEE83}.Debug|Any CPU.ActiveCfg = Debug|Any CPU
		{2F22767D-1B1A-4293-BBE5-11C9D04AEE83}.Debug|Any CPU.Build.0 = Debug|Any CPU
		{2F22767D-1B1A-4293-BBE5-11C9D04AEE83}.Debug|Mixed Platforms.ActiveCfg = Debug|Any CPU
		{2F22767D-1B1A-4293-BBE5-11C9D04AEE83}.Debug|Mixed Platforms.Build.0 = Debug|Any CPU
		{2F22767D-1B1A-4293-BBE5-11C9D04AEE83}.Debug|x86.ActiveCfg = Debug|Any CPU
		{2F22767D-1B1A-4293-BBE5-11C9D04AEE83}.Release|Any CPU.ActiveCfg = Release|Any CPU
		{2F22767D-1B1A-4293-BBE5-11C9D04AEE83}.Release|Any CPU.Build.0 = Release|Any CPU
		{2F22767D-1B1A-4293-BBE5-11C9D04AEE83}.Release|Mixed Platforms.ActiveCfg = Release|Any CPU
		{2F22767D-1B1A-4293-BBE5-11C9D04AEE83}.Release|Mixed Platforms.Build.0 = Release|Any CPU
		{2F22767D-1B1A-4293-BBE5-11C9D04AEE83}.Release|x86.ActiveCfg = Release|Any CPU
		{85445923-F9CA-4054-B2AD-43B14791D82C}.Debug|Any CPU.ActiveCfg = Debug|Any CPU
		{85445923-F9CA-4054-B2AD-43B14791D82C}.Debug|Any CPU.Build.0 = Debug|Any CPU
		{85445923-F9CA-4054-B2AD-43B14791D82C}.Debug|Mixed Platforms.ActiveCfg = Debug|Any CPU
		{85445923-F9CA-4054-B2AD-43B14791D82C}.Debug|Mixed Platforms.Build.0 = Debug|Any CPU
		{85445923-F9CA-4054-B2AD-43B14791D82C}.Debug|x86.ActiveCfg = Debug|Any CPU
		{85445923-F9CA-4054-B2AD-43B14791D82C}.Release|Any CPU.ActiveCfg = Release|Any CPU
		{85445923-F9CA-4054-B2AD-43B14791D82C}.Release|Any CPU.Build.0 = Release|Any CPU
		{85445923-F9CA-4054-B2AD-43B14791D82C}.Release|Mixed Platforms.ActiveCfg = Release|Any CPU
		{85445923-F9CA-4054-B2AD-43B14791D82C}.Release|Mixed Platforms.Build.0 = Release|Any CPU
		{85445923-F9CA-4054-B2AD-43B14791D82C}.Release|x86.ActiveCfg = Release|Any CPU
		{34252C77-00D2-4E38-B432-274B6D6A0032}.Debug|Any CPU.ActiveCfg = Debug|Any CPU
		{34252C77-00D2-4E38-B432-274B6D6A0032}.Debug|Any CPU.Build.0 = Debug|Any CPU
		{34252C77-00D2-4E38-B432-274B6D6A0032}.Debug|Mixed Platforms.ActiveCfg = Debug|Any CPU
		{34252C77-00D2-4E38-B432-274B6D6A0032}.Debug|Mixed Platforms.Build.0 = Debug|Any CPU
		{34252C77-00D2-4E38-B432-274B6D6A0032}.Debug|x86.ActiveCfg = Debug|Any CPU
		{34252C77-00D2-4E38-B432-274B6D6A0032}.Release|Any CPU.ActiveCfg = Release|Any CPU
		{34252C77-00D2-4E38-B432-274B6D6A0032}.Release|Any CPU.Build.0 = Release|Any CPU
		{34252C77-00D2-4E38-B432-274B6D6A0032}.Release|Mixed Platforms.ActiveCfg = Release|Any CPU
		{34252C77-00D2-4E38-B432-274B6D6A0032}.Release|Mixed Platforms.Build.0 = Release|Any CPU
		{34252C77-00D2-4E38-B432-274B6D6A0032}.Release|x86.ActiveCfg = Release|Any CPU
	EndGlobalSection
	GlobalSection(SolutionProperties) = preSolution
		HideSolutionNode = FALSE
	EndGlobalSection
	GlobalSection(MonoDevelopProperties) = preSolution
		StartupItem = HostController\HostController.csproj
	EndGlobalSection
EndGlobal
